// !$*UTF8*$!
{
	archiveVersion = 1;
	classes = {
	};
	objectVersion = 56;
	objects = {

/* Begin PBXBuildFile section */
		1E21E40F31EC1CB96EA41EAF /* Pods_ios_exam.framework in Frameworks */ = {isa = PBXBuildFile; fileRef = 1ADF51909DF55FDB02012726 /* Pods_ios_exam.framework */; };
		236A4C692C49DFF500EF96F3 /* EventSingleCardCollectionViewCell.swift in Sources */ = {isa = PBXBuildFile; fileRef = 236A4C682C49DFF500EF96F3 /* EventSingleCardCollectionViewCell.swift */; };
		236A4C6B2C49E45C00EF96F3 /* ViewController.swift in Sources */ = {isa = PBXBuildFile; fileRef = 236A4C6A2C49E45C00EF96F3 /* ViewController.swift */; };
		236A4C6F2C49E93200EF96F3 /* RoundedButtonWithShadow.swift in Sources */ = {isa = PBXBuildFile; fileRef = 236A4C6E2C49E93200EF96F3 /* RoundedButtonWithShadow.swift */; };
		236A4C782C49F51900EF96F3 /* Loading.json in Resources */ = {isa = PBXBuildFile; fileRef = 236A4C772C49F51900EF96F3 /* Loading.json */; };
		236A4C7A2C49F51E00EF96F3 /* NoInternet.json in Resources */ = {isa = PBXBuildFile; fileRef = 236A4C792C49F51E00EF96F3 /* NoInternet.json */; };
		2385F5FE2C499DAA00F8F76D /* AppDelegate.swift in Sources */ = {isa = PBXBuildFile; fileRef = 2385F5FD2C499DAA00F8F76D /* AppDelegate.swift */; };
		2385F6002C499DAA00F8F76D /* SceneDelegate.swift in Sources */ = {isa = PBXBuildFile; fileRef = 2385F5FF2C499DAA00F8F76D /* SceneDelegate.swift */; };
		2385F6022C499DAA00F8F76D /* HomeViewController.swift in Sources */ = {isa = PBXBuildFile; fileRef = 2385F6012C499DAA00F8F76D /* HomeViewController.swift */; };
		2385F6052C499DAA00F8F76D /* Base in Resources */ = {isa = PBXBuildFile; fileRef = 2385F6042C499DAA00F8F76D /* Base */; };
		2385F6072C499DAB00F8F76D /* Assets.xcassets in Resources */ = {isa = PBXBuildFile; fileRef = 2385F6062C499DAB00F8F76D /* Assets.xcassets */; };
		2385F60A2C499DAB00F8F76D /* Base in Resources */ = {isa = PBXBuildFile; fileRef = 2385F6092C499DAB00F8F76D /* Base */; };
		2385F6152C499DAC00F8F76D /* ios_examTests.swift in Sources */ = {isa = PBXBuildFile; fileRef = 2385F6142C499DAC00F8F76D /* ios_examTests.swift */; };
		2385F61F2C499DAC00F8F76D /* ios_examUITests.swift in Sources */ = {isa = PBXBuildFile; fileRef = 2385F61E2C499DAC00F8F76D /* ios_examUITests.swift */; };
		2385F6212C499DAC00F8F76D /* ios_examUITestsLaunchTests.swift in Sources */ = {isa = PBXBuildFile; fileRef = 2385F6202C499DAC00F8F76D /* ios_examUITestsLaunchTests.swift */; };
		2385F62E2C499E3600F8F76D /* API.swift in Sources */ = {isa = PBXBuildFile; fileRef = 2385F62D2C499E3600F8F76D /* API.swift */; };
		2385F6302C49BC0C00F8F76D /* ImageSlidePageViewController.swift in Sources */ = {isa = PBXBuildFile; fileRef = 2385F62F2C49BC0B00F8F76D /* ImageSlidePageViewController.swift */; };
		2385F6322C49BC7D00F8F76D /* ImageViewController.swift in Sources */ = {isa = PBXBuildFile; fileRef = 2385F6312C49BC7D00F8F76D /* ImageViewController.swift */; };
		2385F6342C49BD3800F8F76D /* ImageLoader.swift in Sources */ = {isa = PBXBuildFile; fileRef = 2385F6332C49BD3800F8F76D /* ImageLoader.swift */; };
		2385F6362C49C80A00F8F76D /* Notification.swift in Sources */ = {isa = PBXBuildFile; fileRef = 2385F6352C49C80A00F8F76D /* Notification.swift */; };
		2385F6382C49C88C00F8F76D /* AppData.swift in Sources */ = {isa = PBXBuildFile; fileRef = 2385F6372C49C88C00F8F76D /* AppData.swift */; };
		2385F63A2C49CEB100F8F76D /* CarouselCollectionViewCell.swift in Sources */ = {isa = PBXBuildFile; fileRef = 2385F6392C49CEB000F8F76D /* CarouselCollectionViewCell.swift */; };
		396DC9A1A9C5692F0171C5E8 /* Pods_ios_examTests.framework in Frameworks */ = {isa = PBXBuildFile; fileRef = 7AEDCB314D010CD354701A9B /* Pods_ios_examTests.framework */; };
		A8B613E75FD74E1FAD434AE4 /* Pods_ios_exam_ios_examUITests.framework in Frameworks */ = {isa = PBXBuildFile; fileRef = 69E9503D84304D86EB5A1C7C /* Pods_ios_exam_ios_examUITests.framework */; };
/* End PBXBuildFile section */

/* Begin PBXContainerItemProxy section */
		2385F6112C499DAC00F8F76D /* PBXContainerItemProxy */ = {
			isa = PBXContainerItemProxy;
			containerPortal = 2385F5F22C499DAA00F8F76D /* Project object */;
			proxyType = 1;
			remoteGlobalIDString = 2385F5F92C499DAA00F8F76D;
			remoteInfo = "ios-exam";
		};
		2385F61B2C499DAC00F8F76D /* PBXContainerItemProxy */ = {
			isa = PBXContainerItemProxy;
			containerPortal = 2385F5F22C499DAA00F8F76D /* Project object */;
			proxyType = 1;
			remoteGlobalIDString = 2385F5F92C499DAA00F8F76D;
			remoteInfo = "ios-exam";
		};
/* End PBXContainerItemProxy section */

/* Begin PBXFileReference section */
		1ADF51909DF55FDB02012726 /* Pods_ios_exam.framework */ = {isa = PBXFileReference; explicitFileType = wrapper.framework; includeInIndex = 0; path = Pods_ios_exam.framework; sourceTree = BUILT_PRODUCTS_DIR; };
		236A4C682C49DFF500EF96F3 /* EventSingleCardCollectionViewCell.swift */ = {isa = PBXFileReference; lastKnownFileType = sourcecode.swift; path = EventSingleCardCollectionViewCell.swift; sourceTree = "<group>"; };
		236A4C6A2C49E45C00EF96F3 /* ViewController.swift */ = {isa = PBXFileReference; lastKnownFileType = sourcecode.swift; path = ViewController.swift; sourceTree = "<group>"; };
		236A4C6E2C49E93200EF96F3 /* RoundedButtonWithShadow.swift */ = {isa = PBXFileReference; lastKnownFileType = sourcecode.swift; path = RoundedButtonWithShadow.swift; sourceTree = "<group>"; };
		236A4C772C49F51900EF96F3 /* Loading.json */ = {isa = PBXFileReference; fileEncoding = 4; lastKnownFileType = text.json; path = Loading.json; sourceTree = "<group>"; };
		236A4C792C49F51E00EF96F3 /* NoInternet.json */ = {isa = PBXFileReference; fileEncoding = 4; lastKnownFileType = text.json; path = NoInternet.json; sourceTree = "<group>"; };
		2385F5FA2C499DAA00F8F76D /* ios-exam.app */ = {isa = PBXFileReference; explicitFileType = wrapper.application; includeInIndex = 0; path = "ios-exam.app"; sourceTree = BUILT_PRODUCTS_DIR; };
		2385F5FD2C499DAA00F8F76D /* AppDelegate.swift */ = {isa = PBXFileReference; lastKnownFileType = sourcecode.swift; path = AppDelegate.swift; sourceTree = "<group>"; };
		2385F5FF2C499DAA00F8F76D /* SceneDelegate.swift */ = {isa = PBXFileReference; lastKnownFileType = sourcecode.swift; path = SceneDelegate.swift; sourceTree = "<group>"; };
		2385F6012C499DAA00F8F76D /* HomeViewController.swift */ = {isa = PBXFileReference; lastKnownFileType = sourcecode.swift; path = HomeViewController.swift; sourceTree = "<group>"; };
		2385F6042C499DAA00F8F76D /* Base */ = {isa = PBXFileReference; lastKnownFileType = file.storyboard; name = Base; path = Base.lproj/Main.storyboard; sourceTree = "<group>"; };
		2385F6062C499DAB00F8F76D /* Assets.xcassets */ = {isa = PBXFileReference; lastKnownFileType = folder.assetcatalog; path = Assets.xcassets; sourceTree = "<group>"; };
		2385F6092C499DAB00F8F76D /* Base */ = {isa = PBXFileReference; lastKnownFileType = file.storyboard; name = Base; path = Base.lproj/LaunchScreen.storyboard; sourceTree = "<group>"; };
		2385F60B2C499DAB00F8F76D /* Info.plist */ = {isa = PBXFileReference; lastKnownFileType = text.plist.xml; path = Info.plist; sourceTree = "<group>"; };
		2385F6102C499DAC00F8F76D /* ios-examTests.xctest */ = {isa = PBXFileReference; explicitFileType = wrapper.cfbundle; includeInIndex = 0; path = "ios-examTests.xctest"; sourceTree = BUILT_PRODUCTS_DIR; };
		2385F6142C499DAC00F8F76D /* ios_examTests.swift */ = {isa = PBXFileReference; lastKnownFileType = sourcecode.swift; path = ios_examTests.swift; sourceTree = "<group>"; };
		2385F61A2C499DAC00F8F76D /* ios-examUITests.xctest */ = {isa = PBXFileReference; explicitFileType = wrapper.cfbundle; includeInIndex = 0; path = "ios-examUITests.xctest"; sourceTree = BUILT_PRODUCTS_DIR; };
		2385F61E2C499DAC00F8F76D /* ios_examUITests.swift */ = {isa = PBXFileReference; lastKnownFileType = sourcecode.swift; path = ios_examUITests.swift; sourceTree = "<group>"; };
		2385F6202C499DAC00F8F76D /* ios_examUITestsLaunchTests.swift */ = {isa = PBXFileReference; lastKnownFileType = sourcecode.swift; path = ios_examUITestsLaunchTests.swift; sourceTree = "<group>"; };
		2385F62D2C499E3600F8F76D /* API.swift */ = {isa = PBXFileReference; lastKnownFileType = sourcecode.swift; path = API.swift; sourceTree = "<group>"; };
		2385F62F2C49BC0B00F8F76D /* ImageSlidePageViewController.swift */ = {isa = PBXFileReference; lastKnownFileType = sourcecode.swift; path = ImageSlidePageViewController.swift; sourceTree = "<group>"; };
		2385F6312C49BC7D00F8F76D /* ImageViewController.swift */ = {isa = PBXFileReference; lastKnownFileType = sourcecode.swift; path = ImageViewController.swift; sourceTree = "<group>"; };
		2385F6332C49BD3800F8F76D /* ImageLoader.swift */ = {isa = PBXFileReference; lastKnownFileType = sourcecode.swift; path = ImageLoader.swift; sourceTree = "<group>"; };
		2385F6352C49C80A00F8F76D /* Notification.swift */ = {isa = PBXFileReference; lastKnownFileType = sourcecode.swift; path = Notification.swift; sourceTree = "<group>"; };
		2385F6372C49C88C00F8F76D /* AppData.swift */ = {isa = PBXFileReference; lastKnownFileType = sourcecode.swift; path = AppData.swift; sourceTree = "<group>"; };
		2385F6392C49CEB000F8F76D /* CarouselCollectionViewCell.swift */ = {isa = PBXFileReference; lastKnownFileType = sourcecode.swift; path = CarouselCollectionViewCell.swift; sourceTree = "<group>"; };
		5175AB5C0B35BD69C8EDBAD5 /* Pods-ios-examTests.release.xcconfig */ = {isa = PBXFileReference; includeInIndex = 1; lastKnownFileType = text.xcconfig; name = "Pods-ios-examTests.release.xcconfig"; path = "Target Support Files/Pods-ios-examTests/Pods-ios-examTests.release.xcconfig"; sourceTree = "<group>"; };
		552E4066A700F368676CDA6C /* Pods-ios-exam-ios-examUITests.debug.xcconfig */ = {isa = PBXFileReference; includeInIndex = 1; lastKnownFileType = text.xcconfig; name = "Pods-ios-exam-ios-examUITests.debug.xcconfig"; path = "Target Support Files/Pods-ios-exam-ios-examUITests/Pods-ios-exam-ios-examUITests.debug.xcconfig"; sourceTree = "<group>"; };
		69E9503D84304D86EB5A1C7C /* Pods_ios_exam_ios_examUITests.framework */ = {isa = PBXFileReference; explicitFileType = wrapper.framework; includeInIndex = 0; path = Pods_ios_exam_ios_examUITests.framework; sourceTree = BUILT_PRODUCTS_DIR; };
		7AEDCB314D010CD354701A9B /* Pods_ios_examTests.framework */ = {isa = PBXFileReference; explicitFileType = wrapper.framework; includeInIndex = 0; path = Pods_ios_examTests.framework; sourceTree = BUILT_PRODUCTS_DIR; };
		BF00F116AF3AF6B88ED66A9B /* Pods-ios-exam.debug.xcconfig */ = {isa = PBXFileReference; includeInIndex = 1; lastKnownFileType = text.xcconfig; name = "Pods-ios-exam.debug.xcconfig"; path = "Target Support Files/Pods-ios-exam/Pods-ios-exam.debug.xcconfig"; sourceTree = "<group>"; };
		C6DDCC0C27447266A9EF21B2 /* Pods-ios-examTests.debug.xcconfig */ = {isa = PBXFileReference; includeInIndex = 1; lastKnownFileType = text.xcconfig; name = "Pods-ios-examTests.debug.xcconfig"; path = "Target Support Files/Pods-ios-examTests/Pods-ios-examTests.debug.xcconfig"; sourceTree = "<group>"; };
		EE336AAC92BF9474806DE9E7 /* Pods-ios-exam-ios-examUITests.release.xcconfig */ = {isa = PBXFileReference; includeInIndex = 1; lastKnownFileType = text.xcconfig; name = "Pods-ios-exam-ios-examUITests.release.xcconfig"; path = "Target Support Files/Pods-ios-exam-ios-examUITests/Pods-ios-exam-ios-examUITests.release.xcconfig"; sourceTree = "<group>"; };
		FCE31847DC577FC66F0B55D5 /* Pods-ios-exam.release.xcconfig */ = {isa = PBXFileReference; includeInIndex = 1; lastKnownFileType = text.xcconfig; name = "Pods-ios-exam.release.xcconfig"; path = "Target Support Files/Pods-ios-exam/Pods-ios-exam.release.xcconfig"; sourceTree = "<group>"; };
/* End PBXFileReference section */

/* Begin PBXFrameworksBuildPhase section */
		2385F5F72C499DAA00F8F76D /* Frameworks */ = {
			isa = PBXFrameworksBuildPhase;
			buildActionMask = 2147483647;
			files = (
				1E21E40F31EC1CB96EA41EAF /* Pods_ios_exam.framework in Frameworks */,
			);
			runOnlyForDeploymentPostprocessing = 0;
		};
		2385F60D2C499DAC00F8F76D /* Frameworks */ = {
			isa = PBXFrameworksBuildPhase;
			buildActionMask = 2147483647;
			files = (
				396DC9A1A9C5692F0171C5E8 /* Pods_ios_examTests.framework in Frameworks */,
			);
			runOnlyForDeploymentPostprocessing = 0;
		};
		2385F6172C499DAC00F8F76D /* Frameworks */ = {
			isa = PBXFrameworksBuildPhase;
			buildActionMask = 2147483647;
			files = (
				A8B613E75FD74E1FAD434AE4 /* Pods_ios_exam_ios_examUITests.framework in Frameworks */,
			);
			runOnlyForDeploymentPostprocessing = 0;
		};
/* End PBXFrameworksBuildPhase section */

/* Begin PBXGroup section */
		236A4C702C49F1E100EF96F3 /* Lottie */ = {
			isa = PBXGroup;
			children = (
				236A4C792C49F51E00EF96F3 /* NoInternet.json */,
				236A4C772C49F51900EF96F3 /* Loading.json */,
			);
			path = Lottie;
			sourceTree = "<group>";
		};
		2385F5F12C499DAA00F8F76D = {
			isa = PBXGroup;
			children = (
				2385F5FC2C499DAA00F8F76D /* ios-exam */,
				2385F6132C499DAC00F8F76D /* ios-examTests */,
				2385F61D2C499DAC00F8F76D /* ios-examUITests */,
				2385F5FB2C499DAA00F8F76D /* Products */,
				481BDCB269AF2ED4936670C8 /* Pods */,
				3CA81EAEA9E4A12697F958D4 /* Frameworks */,
			);
			sourceTree = "<group>";
		};
		2385F5FB2C499DAA00F8F76D /* Products */ = {
			isa = PBXGroup;
			children = (
				2385F5FA2C499DAA00F8F76D /* ios-exam.app */,
				2385F6102C499DAC00F8F76D /* ios-examTests.xctest */,
				2385F61A2C499DAC00F8F76D /* ios-examUITests.xctest */,
			);
			name = Products;
			sourceTree = "<group>";
		};
		2385F5FC2C499DAA00F8F76D /* ios-exam */ = {
			isa = PBXGroup;
			children = (
				236A4C702C49F1E100EF96F3 /* Lottie */,
				2385F5FD2C499DAA00F8F76D /* AppDelegate.swift */,
				2385F5FF2C499DAA00F8F76D /* SceneDelegate.swift */,
				2385F6352C49C80A00F8F76D /* Notification.swift */,
				2385F6372C49C88C00F8F76D /* AppData.swift */,
				2385F6012C499DAA00F8F76D /* HomeViewController.swift */,
				2385F62F2C49BC0B00F8F76D /* ImageSlidePageViewController.swift */,
				2385F6312C49BC7D00F8F76D /* ImageViewController.swift */,
				2385F6332C49BD3800F8F76D /* ImageLoader.swift */,
				2385F6032C499DAA00F8F76D /* Main.storyboard */,
				2385F6392C49CEB000F8F76D /* CarouselCollectionViewCell.swift */,
				236A4C682C49DFF500EF96F3 /* EventSingleCardCollectionViewCell.swift */,
				2385F62D2C499E3600F8F76D /* API.swift */,
				236A4C6A2C49E45C00EF96F3 /* ViewController.swift */,
				2385F6062C499DAB00F8F76D /* Assets.xcassets */,
				2385F6082C499DAB00F8F76D /* LaunchScreen.storyboard */,
				2385F60B2C499DAB00F8F76D /* Info.plist */,
				236A4C6E2C49E93200EF96F3 /* RoundedButtonWithShadow.swift */,
			);
			path = "ios-exam";
			sourceTree = "<group>";
		};
		2385F6132C499DAC00F8F76D /* ios-examTests */ = {
			isa = PBXGroup;
			children = (
				2385F6142C499DAC00F8F76D /* ios_examTests.swift */,
			);
			path = "ios-examTests";
			sourceTree = "<group>";
		};
		2385F61D2C499DAC00F8F76D /* ios-examUITests */ = {
			isa = PBXGroup;
			children = (
				2385F61E2C499DAC00F8F76D /* ios_examUITests.swift */,
				2385F6202C499DAC00F8F76D /* ios_examUITestsLaunchTests.swift */,
			);
			path = "ios-examUITests";
			sourceTree = "<group>";
		};
		3CA81EAEA9E4A12697F958D4 /* Frameworks */ = {
			isa = PBXGroup;
			children = (
				1ADF51909DF55FDB02012726 /* Pods_ios_exam.framework */,
				69E9503D84304D86EB5A1C7C /* Pods_ios_exam_ios_examUITests.framework */,
				7AEDCB314D010CD354701A9B /* Pods_ios_examTests.framework */,
			);
			name = Frameworks;
			sourceTree = "<group>";
		};
		481BDCB269AF2ED4936670C8 /* Pods */ = {
			isa = PBXGroup;
			children = (
				BF00F116AF3AF6B88ED66A9B /* Pods-ios-exam.debug.xcconfig */,
				FCE31847DC577FC66F0B55D5 /* Pods-ios-exam.release.xcconfig */,
				552E4066A700F368676CDA6C /* Pods-ios-exam-ios-examUITests.debug.xcconfig */,
				EE336AAC92BF9474806DE9E7 /* Pods-ios-exam-ios-examUITests.release.xcconfig */,
				C6DDCC0C27447266A9EF21B2 /* Pods-ios-examTests.debug.xcconfig */,
				5175AB5C0B35BD69C8EDBAD5 /* Pods-ios-examTests.release.xcconfig */,
			);
			path = Pods;
			sourceTree = "<group>";
		};
/* End PBXGroup section */

/* Begin PBXNativeTarget section */
		2385F5F92C499DAA00F8F76D /* ios-exam */ = {
			isa = PBXNativeTarget;
			buildConfigurationList = 2385F6242C499DAC00F8F76D /* Build configuration list for PBXNativeTarget "ios-exam" */;
			buildPhases = (
				C6E70976B4B299EFAF0CFCC6 /* [CP] Check Pods Manifest.lock */,
				2385F5F62C499DAA00F8F76D /* Sources */,
				2385F5F72C499DAA00F8F76D /* Frameworks */,
				2385F5F82C499DAA00F8F76D /* Resources */,
				25C9013C2AC211617DD4B4F9 /* [CP] Embed Pods Frameworks */,
			);
			buildRules = (
			);
			dependencies = (
			);
			name = "ios-exam";
			productName = "ios-exam";
			productReference = 2385F5FA2C499DAA00F8F76D /* ios-exam.app */;
			productType = "com.apple.product-type.application";
		};
		2385F60F2C499DAC00F8F76D /* ios-examTests */ = {
			isa = PBXNativeTarget;
			buildConfigurationList = 2385F6272C499DAC00F8F76D /* Build configuration list for PBXNativeTarget "ios-examTests" */;
			buildPhases = (
				F13F7CE3DC90D34C1EF54143 /* [CP] Check Pods Manifest.lock */,
				2385F60C2C499DAC00F8F76D /* Sources */,
				2385F60D2C499DAC00F8F76D /* Frameworks */,
				2385F60E2C499DAC00F8F76D /* Resources */,
			);
			buildRules = (
			);
			dependencies = (
				2385F6122C499DAC00F8F76D /* PBXTargetDependency */,
			);
			name = "ios-examTests";
			productName = "ios-examTests";
			productReference = 2385F6102C499DAC00F8F76D /* ios-examTests.xctest */;
			productType = "com.apple.product-type.bundle.unit-test";
		};
		2385F6192C499DAC00F8F76D /* ios-examUITests */ = {
			isa = PBXNativeTarget;
			buildConfigurationList = 2385F62A2C499DAC00F8F76D /* Build configuration list for PBXNativeTarget "ios-examUITests" */;
			buildPhases = (
				ABBC51912CAB248836D9EB03 /* [CP] Check Pods Manifest.lock */,
				2385F6162C499DAC00F8F76D /* Sources */,
				2385F6172C499DAC00F8F76D /* Frameworks */,
				2385F6182C499DAC00F8F76D /* Resources */,
				B6DC89EB6ECA365AC3EE2BF3 /* [CP] Embed Pods Frameworks */,
			);
			buildRules = (
			);
			dependencies = (
				2385F61C2C499DAC00F8F76D /* PBXTargetDependency */,
			);
			name = "ios-examUITests";
			productName = "ios-examUITests";
			productReference = 2385F61A2C499DAC00F8F76D /* ios-examUITests.xctest */;
			productType = "com.apple.product-type.bundle.ui-testing";
		};
/* End PBXNativeTarget section */

/* Begin PBXProject section */
		2385F5F22C499DAA00F8F76D /* Project object */ = {
			isa = PBXProject;
			attributes = {
				BuildIndependentTargetsInParallel = 1;
				LastSwiftUpdateCheck = 1540;
				LastUpgradeCheck = 1540;
				TargetAttributes = {
					2385F5F92C499DAA00F8F76D = {
						CreatedOnToolsVersion = 15.4;
					};
					2385F60F2C499DAC00F8F76D = {
						CreatedOnToolsVersion = 15.4;
						TestTargetID = 2385F5F92C499DAA00F8F76D;
					};
					2385F6192C499DAC00F8F76D = {
						CreatedOnToolsVersion = 15.4;
						TestTargetID = 2385F5F92C499DAA00F8F76D;
					};
				};
			};
			buildConfigurationList = 2385F5F52C499DAA00F8F76D /* Build configuration list for PBXProject "ios-exam" */;
			compatibilityVersion = "Xcode 14.0";
			developmentRegion = en;
			hasScannedForEncodings = 0;
			knownRegions = (
				en,
				Base,
			);
			mainGroup = 2385F5F12C499DAA00F8F76D;
			productRefGroup = 2385F5FB2C499DAA00F8F76D /* Products */;
			projectDirPath = "";
			projectRoot = "";
			targets = (
				2385F5F92C499DAA00F8F76D /* ios-exam */,
				2385F60F2C499DAC00F8F76D /* ios-examTests */,
				2385F6192C499DAC00F8F76D /* ios-examUITests */,
			);
		};
/* End PBXProject section */

/* Begin PBXResourcesBuildPhase section */
		2385F5F82C499DAA00F8F76D /* Resources */ = {
			isa = PBXResourcesBuildPhase;
			buildActionMask = 2147483647;
			files = (
				2385F6072C499DAB00F8F76D /* Assets.xcassets in Resources */,
				2385F60A2C499DAB00F8F76D /* Base in Resources */,
				236A4C782C49F51900EF96F3 /* Loading.json in Resources */,
				2385F6052C499DAA00F8F76D /* Base in Resources */,
				236A4C7A2C49F51E00EF96F3 /* NoInternet.json in Resources */,
			);
			runOnlyForDeploymentPostprocessing = 0;
		};
		2385F60E2C499DAC00F8F76D /* Resources */ = {
			isa = PBXResourcesBuildPhase;
			buildActionMask = 2147483647;
			files = (
			);
			runOnlyForDeploymentPostprocessing = 0;
		};
		2385F6182C499DAC00F8F76D /* Resources */ = {
			isa = PBXResourcesBuildPhase;
			buildActionMask = 2147483647;
			files = (
			);
			runOnlyForDeploymentPostprocessing = 0;
		};
/* End PBXResourcesBuildPhase section */

/* Begin PBXShellScriptBuildPhase section */
		25C9013C2AC211617DD4B4F9 /* [CP] Embed Pods Frameworks */ = {
			isa = PBXShellScriptBuildPhase;
			buildActionMask = 2147483647;
			files = (
			);
			inputFileListPaths = (
				"${PODS_ROOT}/Target Support Files/Pods-ios-exam/Pods-ios-exam-frameworks-${CONFIGURATION}-input-files.xcfilelist",
			);
			name = "[CP] Embed Pods Frameworks";
			outputFileListPaths = (
				"${PODS_ROOT}/Target Support Files/Pods-ios-exam/Pods-ios-exam-frameworks-${CONFIGURATION}-output-files.xcfilelist",
			);
			runOnlyForDeploymentPostprocessing = 0;
			shellPath = /bin/sh;
			shellScript = "\"${PODS_ROOT}/Target Support Files/Pods-ios-exam/Pods-ios-exam-frameworks.sh\"\n";
			showEnvVarsInLog = 0;
		};
		ABBC51912CAB248836D9EB03 /* [CP] Check Pods Manifest.lock */ = {
			isa = PBXShellScriptBuildPhase;
			buildActionMask = 2147483647;
			files = (
			);
			inputFileListPaths = (
			);
			inputPaths = (
				"${PODS_PODFILE_DIR_PATH}/Podfile.lock",
				"${PODS_ROOT}/Manifest.lock",
			);
			name = "[CP] Check Pods Manifest.lock";
			outputFileListPaths = (
			);
			outputPaths = (
				"$(DERIVED_FILE_DIR)/Pods-ios-exam-ios-examUITests-checkManifestLockResult.txt",
			);
			runOnlyForDeploymentPostprocessing = 0;
			shellPath = /bin/sh;
			shellScript = "diff \"${PODS_PODFILE_DIR_PATH}/Podfile.lock\" \"${PODS_ROOT}/Manifest.lock\" > /dev/null\nif [ $? != 0 ] ; then\n    # print error to STDERR\n    echo \"error: The sandbox is not in sync with the Podfile.lock. Run 'pod install' or update your CocoaPods installation.\" >&2\n    exit 1\nfi\n# This output is used by Xcode 'outputs' to avoid re-running this script phase.\necho \"SUCCESS\" > \"${SCRIPT_OUTPUT_FILE_0}\"\n";
			showEnvVarsInLog = 0;
		};
		B6DC89EB6ECA365AC3EE2BF3 /* [CP] Embed Pods Frameworks */ = {
			isa = PBXShellScriptBuildPhase;
			buildActionMask = 2147483647;
			files = (
			);
			inputFileListPaths = (
				"${PODS_ROOT}/Target Support Files/Pods-ios-exam-ios-examUITests/Pods-ios-exam-ios-examUITests-frameworks-${CONFIGURATION}-input-files.xcfilelist",
			);
			name = "[CP] Embed Pods Frameworks";
			outputFileListPaths = (
				"${PODS_ROOT}/Target Support Files/Pods-ios-exam-ios-examUITests/Pods-ios-exam-ios-examUITests-frameworks-${CONFIGURATION}-output-files.xcfilelist",
			);
			runOnlyForDeploymentPostprocessing = 0;
			shellPath = /bin/sh;
			shellScript = "\"${PODS_ROOT}/Target Support Files/Pods-ios-exam-ios-examUITests/Pods-ios-exam-ios-examUITests-frameworks.sh\"\n";
			showEnvVarsInLog = 0;
		};
		C6E70976B4B299EFAF0CFCC6 /* [CP] Check Pods Manifest.lock */ = {
			isa = PBXShellScriptBuildPhase;
			buildActionMask = 2147483647;
			files = (
			);
			inputFileListPaths = (
			);
			inputPaths = (
				"${PODS_PODFILE_DIR_PATH}/Podfile.lock",
				"${PODS_ROOT}/Manifest.lock",
			);
			name = "[CP] Check Pods Manifest.lock";
			outputFileListPaths = (
			);
			outputPaths = (
				"$(DERIVED_FILE_DIR)/Pods-ios-exam-checkManifestLockResult.txt",
			);
			runOnlyForDeploymentPostprocessing = 0;
			shellPath = /bin/sh;
			shellScript = "diff \"${PODS_PODFILE_DIR_PATH}/Podfile.lock\" \"${PODS_ROOT}/Manifest.lock\" > /dev/null\nif [ $? != 0 ] ; then\n    # print error to STDERR\n    echo \"error: The sandbox is not in sync with the Podfile.lock. Run 'pod install' or update your CocoaPods installation.\" >&2\n    exit 1\nfi\n# This output is used by Xcode 'outputs' to avoid re-running this script phase.\necho \"SUCCESS\" > \"${SCRIPT_OUTPUT_FILE_0}\"\n";
			showEnvVarsInLog = 0;
		};
		F13F7CE3DC90D34C1EF54143 /* [CP] Check Pods Manifest.lock */ = {
			isa = PBXShellScriptBuildPhase;
			buildActionMask = 2147483647;
			files = (
			);
			inputFileListPaths = (
			);
			inputPaths = (
				"${PODS_PODFILE_DIR_PATH}/Podfile.lock",
				"${PODS_ROOT}/Manifest.lock",
			);
			name = "[CP] Check Pods Manifest.lock";
			outputFileListPaths = (
			);
			outputPaths = (
				"$(DERIVED_FILE_DIR)/Pods-ios-examTests-checkManifestLockResult.txt",
			);
			runOnlyForDeploymentPostprocessing = 0;
			shellPath = /bin/sh;
			shellScript = "diff \"${PODS_PODFILE_DIR_PATH}/Podfile.lock\" \"${PODS_ROOT}/Manifest.lock\" > /dev/null\nif [ $? != 0 ] ; then\n    # print error to STDERR\n    echo \"error: The sandbox is not in sync with the Podfile.lock. Run 'pod install' or update your CocoaPods installation.\" >&2\n    exit 1\nfi\n# This output is used by Xcode 'outputs' to avoid re-running this script phase.\necho \"SUCCESS\" > \"${SCRIPT_OUTPUT_FILE_0}\"\n";
			showEnvVarsInLog = 0;
		};
/* End PBXShellScriptBuildPhase section */

/* Begin PBXSourcesBuildPhase section */
		2385F5F62C499DAA00F8F76D /* Sources */ = {
			isa = PBXSourcesBuildPhase;
			buildActionMask = 2147483647;
			files = (
				2385F63A2C49CEB100F8F76D /* CarouselCollectionViewCell.swift in Sources */,
				2385F6342C49BD3800F8F76D /* ImageLoader.swift in Sources */,
				2385F6022C499DAA00F8F76D /* HomeViewController.swift in Sources */,
				2385F5FE2C499DAA00F8F76D /* AppDelegate.swift in Sources */,
				2385F62E2C499E3600F8F76D /* API.swift in Sources */,
				2385F6362C49C80A00F8F76D /* Notification.swift in Sources */,
				236A4C6B2C49E45C00EF96F3 /* ViewController.swift in Sources */,
				2385F6302C49BC0C00F8F76D /* ImageSlidePageViewController.swift in Sources */,
				2385F6322C49BC7D00F8F76D /* ImageViewController.swift in Sources */,
				2385F6002C499DAA00F8F76D /* SceneDelegate.swift in Sources */,
				236A4C6F2C49E93200EF96F3 /* RoundedButtonWithShadow.swift in Sources */,
				236A4C692C49DFF500EF96F3 /* EventSingleCardCollectionViewCell.swift in Sources */,
				2385F6382C49C88C00F8F76D /* AppData.swift in Sources */,
			);
			runOnlyForDeploymentPostprocessing = 0;
		};
		2385F60C2C499DAC00F8F76D /* Sources */ = {
			isa = PBXSourcesBuildPhase;
			buildActionMask = 2147483647;
			files = (
				2385F6152C499DAC00F8F76D /* ios_examTests.swift in Sources */,
			);
			runOnlyForDeploymentPostprocessing = 0;
		};
		2385F6162C499DAC00F8F76D /* Sources */ = {
			isa = PBXSourcesBuildPhase;
			buildActionMask = 2147483647;
			files = (
				2385F6212C499DAC00F8F76D /* ios_examUITestsLaunchTests.swift in Sources */,
				2385F61F2C499DAC00F8F76D /* ios_examUITests.swift in Sources */,
			);
			runOnlyForDeploymentPostprocessing = 0;
		};
/* End PBXSourcesBuildPhase section */

/* Begin PBXTargetDependency section */
		2385F6122C499DAC00F8F76D /* PBXTargetDependency */ = {
			isa = PBXTargetDependency;
			target = 2385F5F92C499DAA00F8F76D /* ios-exam */;
			targetProxy = 2385F6112C499DAC00F8F76D /* PBXContainerItemProxy */;
		};
		2385F61C2C499DAC00F8F76D /* PBXTargetDependency */ = {
			isa = PBXTargetDependency;
			target = 2385F5F92C499DAA00F8F76D /* ios-exam */;
			targetProxy = 2385F61B2C499DAC00F8F76D /* PBXContainerItemProxy */;
		};
/* End PBXTargetDependency section */

/* Begin PBXVariantGroup section */
		2385F6032C499DAA00F8F76D /* Main.storyboard */ = {
			isa = PBXVariantGroup;
			children = (
				2385F6042C499DAA00F8F76D /* Base */,
			);
			name = Main.storyboard;
			sourceTree = "<group>";
		};
		2385F6082C499DAB00F8F76D /* LaunchScreen.storyboard */ = {
			isa = PBXVariantGroup;
			children = (
				2385F6092C499DAB00F8F76D /* Base */,
			);
			name = LaunchScreen.storyboard;
			sourceTree = "<group>";
		};
/* End PBXVariantGroup section */

/* Begin XCBuildConfiguration section */
		2385F6222C499DAC00F8F76D /* Debug */ = {
			isa = XCBuildConfiguration;
			buildSettings = {
				ALWAYS_SEARCH_USER_PATHS = NO;
				ASSETCATALOG_COMPILER_GENERATE_SWIFT_ASSET_SYMBOL_EXTENSIONS = YES;
				CLANG_ANALYZER_NONNULL = YES;
				CLANG_ANALYZER_NUMBER_OBJECT_CONVERSION = YES_AGGRESSIVE;
				CLANG_CXX_LANGUAGE_STANDARD = "gnu++20";
				CLANG_ENABLE_MODULES = YES;
				CLANG_ENABLE_OBJC_ARC = YES;
				CLANG_ENABLE_OBJC_WEAK = YES;
				CLANG_WARN_BLOCK_CAPTURE_AUTORELEASING = YES;
				CLANG_WARN_BOOL_CONVERSION = YES;
				CLANG_WARN_COMMA = YES;
				CLANG_WARN_CONSTANT_CONVERSION = YES;
				CLANG_WARN_DEPRECATED_OBJC_IMPLEMENTATIONS = YES;
				CLANG_WARN_DIRECT_OBJC_ISA_USAGE = YES_ERROR;
				CLANG_WARN_DOCUMENTATION_COMMENTS = YES;
				CLANG_WARN_EMPTY_BODY = YES;
				CLANG_WARN_ENUM_CONVERSION = YES;
				CLANG_WARN_INFINITE_RECURSION = YES;
				CLANG_WARN_INT_CONVERSION = YES;
				CLANG_WARN_NON_LITERAL_NULL_CONVERSION = YES;
				CLANG_WARN_OBJC_IMPLICIT_RETAIN_SELF = YES;
				CLANG_WARN_OBJC_LITERAL_CONVERSION = YES;
				CLANG_WARN_OBJC_ROOT_CLASS = YES_ERROR;
				CLANG_WARN_QUOTED_INCLUDE_IN_FRAMEWORK_HEADER = YES;
				CLANG_WARN_RANGE_LOOP_ANALYSIS = YES;
				CLANG_WARN_STRICT_PROTOTYPES = YES;
				CLANG_WARN_SUSPICIOUS_MOVE = YES;
				CLANG_WARN_UNGUARDED_AVAILABILITY = YES_AGGRESSIVE;
				CLANG_WARN_UNREACHABLE_CODE = YES;
				CLANG_WARN__DUPLICATE_METHOD_MATCH = YES;
				COPY_PHASE_STRIP = NO;
				DEBUG_INFORMATION_FORMAT = dwarf;
				ENABLE_STRICT_OBJC_MSGSEND = YES;
				ENABLE_TESTABILITY = YES;
				ENABLE_USER_SCRIPT_SANDBOXING = NO;
				GCC_C_LANGUAGE_STANDARD = gnu17;
				GCC_DYNAMIC_NO_PIC = NO;
				GCC_NO_COMMON_BLOCKS = YES;
				GCC_OPTIMIZATION_LEVEL = 0;
				GCC_PREPROCESSOR_DEFINITIONS = (
					"DEBUG=1",
					"$(inherited)",
				);
				GCC_WARN_64_TO_32_BIT_CONVERSION = YES;
				GCC_WARN_ABOUT_RETURN_TYPE = YES_ERROR;
				GCC_WARN_UNDECLARED_SELECTOR = YES;
				GCC_WARN_UNINITIALIZED_AUTOS = YES_AGGRESSIVE;
				GCC_WARN_UNUSED_FUNCTION = YES;
				GCC_WARN_UNUSED_VARIABLE = YES;
				IPHONEOS_DEPLOYMENT_TARGET = 17.5;
				LOCALIZATION_PREFERS_STRING_CATALOGS = YES;
				MTL_ENABLE_DEBUG_INFO = INCLUDE_SOURCE;
				MTL_FAST_MATH = YES;
				ONLY_ACTIVE_ARCH = YES;
				SDKROOT = iphoneos;
				SWIFT_ACTIVE_COMPILATION_CONDITIONS = "DEBUG $(inherited)";
				SWIFT_OPTIMIZATION_LEVEL = "-Onone";
			};
			name = Debug;
		};
		2385F6232C499DAC00F8F76D /* Release */ = {
			isa = XCBuildConfiguration;
			buildSettings = {
				ALWAYS_SEARCH_USER_PATHS = NO;
				ASSETCATALOG_COMPILER_GENERATE_SWIFT_ASSET_SYMBOL_EXTENSIONS = YES;
				CLANG_ANALYZER_NONNULL = YES;
				CLANG_ANALYZER_NUMBER_OBJECT_CONVERSION = YES_AGGRESSIVE;
				CLANG_CXX_LANGUAGE_STANDARD = "gnu++20";
				CLANG_ENABLE_MODULES = YES;
				CLANG_ENABLE_OBJC_ARC = YES;
				CLANG_ENABLE_OBJC_WEAK = YES;
				CLANG_WARN_BLOCK_CAPTURE_AUTORELEASING = YES;
				CLANG_WARN_BOOL_CONVERSION = YES;
				CLANG_WARN_COMMA = YES;
				CLANG_WARN_CONSTANT_CONVERSION = YES;
				CLANG_WARN_DEPRECATED_OBJC_IMPLEMENTATIONS = YES;
				CLANG_WARN_DIRECT_OBJC_ISA_USAGE = YES_ERROR;
				CLANG_WARN_DOCUMENTATION_COMMENTS = YES;
				CLANG_WARN_EMPTY_BODY = YES;
				CLANG_WARN_ENUM_CONVERSION = YES;
				CLANG_WARN_INFINITE_RECURSION = YES;
				CLANG_WARN_INT_CONVERSION = YES;
				CLANG_WARN_NON_LITERAL_NULL_CONVERSION = YES;
				CLANG_WARN_OBJC_IMPLICIT_RETAIN_SELF = YES;
				CLANG_WARN_OBJC_LITERAL_CONVERSION = YES;
				CLANG_WARN_OBJC_ROOT_CLASS = YES_ERROR;
				CLANG_WARN_QUOTED_INCLUDE_IN_FRAMEWORK_HEADER = YES;
				CLANG_WARN_RANGE_LOOP_ANALYSIS = YES;
				CLANG_WARN_STRICT_PROTOTYPES = YES;
				CLANG_WARN_SUSPICIOUS_MOVE = YES;
				CLANG_WARN_UNGUARDED_AVAILABILITY = YES_AGGRESSIVE;
				CLANG_WARN_UNREACHABLE_CODE = YES;
				CLANG_WARN__DUPLICATE_METHOD_MATCH = YES;
				COPY_PHASE_STRIP = NO;
				DEBUG_INFORMATION_FORMAT = "dwarf-with-dsym";
				ENABLE_NS_ASSERTIONS = NO;
				ENABLE_STRICT_OBJC_MSGSEND = YES;
				ENABLE_USER_SCRIPT_SANDBOXING = NO;
				GCC_C_LANGUAGE_STANDARD = gnu17;
				GCC_NO_COMMON_BLOCKS = YES;
				GCC_WARN_64_TO_32_BIT_CONVERSION = YES;
				GCC_WARN_ABOUT_RETURN_TYPE = YES_ERROR;
				GCC_WARN_UNDECLARED_SELECTOR = YES;
				GCC_WARN_UNINITIALIZED_AUTOS = YES_AGGRESSIVE;
				GCC_WARN_UNUSED_FUNCTION = YES;
				GCC_WARN_UNUSED_VARIABLE = YES;
				IPHONEOS_DEPLOYMENT_TARGET = 17.5;
				LOCALIZATION_PREFERS_STRING_CATALOGS = YES;
				MTL_ENABLE_DEBUG_INFO = NO;
				MTL_FAST_MATH = YES;
				SDKROOT = iphoneos;
				SWIFT_COMPILATION_MODE = wholemodule;
				VALIDATE_PRODUCT = YES;
			};
			name = Release;
		};
		2385F6252C499DAC00F8F76D /* Debug */ = {
			isa = XCBuildConfiguration;
			baseConfigurationReference = BF00F116AF3AF6B88ED66A9B /* Pods-ios-exam.debug.xcconfig */;
			buildSettings = {
				ASSETCATALOG_COMPILER_APPICON_NAME = AppIcon;
				ASSETCATALOG_COMPILER_GLOBAL_ACCENT_COLOR_NAME = AccentColor;
				CODE_SIGN_STYLE = Automatic;
				CURRENT_PROJECT_VERSION = 1;
				DEVELOPMENT_TEAM = 2FF3U2S4L7;
				GENERATE_INFOPLIST_FILE = YES;
				INFOPLIST_FILE = "ios-exam/Info.plist";
				INFOPLIST_KEY_CFBundleDisplayName = iOSExam;
				INFOPLIST_KEY_UIApplicationSupportsIndirectInputEvents = YES;
				INFOPLIST_KEY_UILaunchStoryboardName = LaunchScreen;
				INFOPLIST_KEY_UIMainStoryboardFile = Main;
				INFOPLIST_KEY_UISupportedInterfaceOrientations = UIInterfaceOrientationPortrait;
				IPHONEOS_DEPLOYMENT_TARGET = 13.0;
				LD_RUNPATH_SEARCH_PATHS = (
					"$(inherited)",
					"@executable_path/Frameworks",
				);
				MARKETING_VERSION = 1.0;
				PRODUCT_BUNDLE_IDENTIFIER = "phrtp.ios-exam";
				PRODUCT_NAME = "$(TARGET_NAME)";
				SUPPORTED_PLATFORMS = "iphoneos iphonesimulator";
				SUPPORTS_MACCATALYST = NO;
				SUPPORTS_XR_DESIGNED_FOR_IPHONE_IPAD = NO;
				SWIFT_EMIT_LOC_STRINGS = YES;
				SWIFT_VERSION = 5.0;
				TARGETED_DEVICE_FAMILY = "1,2";
			};
			name = Debug;
		};
		2385F6262C499DAC00F8F76D /* Release */ = {
			isa = XCBuildConfiguration;
			baseConfigurationReference = FCE31847DC577FC66F0B55D5 /* Pods-ios-exam.release.xcconfig */;
			buildSettings = {
				ASSETCATALOG_COMPILER_APPICON_NAME = AppIcon;
				ASSETCATALOG_COMPILER_GLOBAL_ACCENT_COLOR_NAME = AccentColor;
				CODE_SIGN_STYLE = Automatic;
				CURRENT_PROJECT_VERSION = 1;
				DEVELOPMENT_TEAM = 2FF3U2S4L7;
				GENERATE_INFOPLIST_FILE = YES;
				INFOPLIST_FILE = "ios-exam/Info.plist";
				INFOPLIST_KEY_CFBundleDisplayName = iOSExam;
				INFOPLIST_KEY_UIApplicationSupportsIndirectInputEvents = YES;
				INFOPLIST_KEY_UILaunchStoryboardName = LaunchScreen;
				INFOPLIST_KEY_UIMainStoryboardFile = Main;
				INFOPLIST_KEY_UISupportedInterfaceOrientations = UIInterfaceOrientationPortrait;
				IPHONEOS_DEPLOYMENT_TARGET = 13.0;
				LD_RUNPATH_SEARCH_PATHS = (
					"$(inherited)",
					"@executable_path/Frameworks",
				);
				MARKETING_VERSION = 1.0;
				PRODUCT_BUNDLE_IDENTIFIER = "phrtp.ios-exam";
				PRODUCT_NAME = "$(TARGET_NAME)";
				SUPPORTED_PLATFORMS = "iphoneos iphonesimulator";
				SUPPORTS_MACCATALYST = NO;
				SUPPORTS_XR_DESIGNED_FOR_IPHONE_IPAD = NO;
				SWIFT_EMIT_LOC_STRINGS = YES;
				SWIFT_VERSION = 5.0;
				TARGETED_DEVICE_FAMILY = "1,2";
			};
			name = Release;
		};
		2385F6282C499DAC00F8F76D /* Debug */ = {
			isa = XCBuildConfiguration;
			baseConfigurationReference = C6DDCC0C27447266A9EF21B2 /* Pods-ios-examTests.debug.xcconfig */;
			buildSettings = {
				ALWAYS_EMBED_SWIFT_STANDARD_LIBRARIES = YES;
				BUNDLE_LOADER = "$(TEST_HOST)";
				CODE_SIGN_STYLE = Automatic;
				CURRENT_PROJECT_VERSION = 1;
				GENERATE_INFOPLIST_FILE = YES;
				IPHONEOS_DEPLOYMENT_TARGET = 17.5;
				MARKETING_VERSION = 1.0;
				PRODUCT_BUNDLE_IDENTIFIER = "phrtp.ios-examTests";
				PRODUCT_NAME = "$(TARGET_NAME)";
				SWIFT_EMIT_LOC_STRINGS = NO;
				SWIFT_VERSION = 5.0;
				TARGETED_DEVICE_FAMILY = "1,2";
				TEST_HOST = "$(BUILT_PRODUCTS_DIR)/ios-exam.app/$(BUNDLE_EXECUTABLE_FOLDER_PATH)/ios-exam";
			};
			name = Debug;
		};
		2385F6292C499DAC00F8F76D /* Release */ = {
			isa = XCBuildConfiguration;
			baseConfigurationReference = 5175AB5C0B35BD69C8EDBAD5 /* Pods-ios-examTests.release.xcconfig */;
			buildSettings = {
				ALWAYS_EMBED_SWIFT_STANDARD_LIBRARIES = YES;
				BUNDLE_LOADER = "$(TEST_HOST)";
				CODE_SIGN_STYLE = Automatic;
				CURRENT_PROJECT_VERSION = 1;
				GENERATE_INFOPLIST_FILE = YES;
				IPHONEOS_DEPLOYMENT_TARGET = 17.5;
				MARKETING_VERSION = 1.0;
				PRODUCT_BUNDLE_IDENTIFIER = "phrtp.ios-examTests";
				PRODUCT_NAME = "$(TARGET_NAME)";
				SWIFT_EMIT_LOC_STRINGS = NO;
				SWIFT_VERSION = 5.0;
				TARGETED_DEVICE_FAMILY = "1,2";
				TEST_HOST = "$(BUILT_PRODUCTS_DIR)/ios-exam.app/$(BUNDLE_EXECUTABLE_FOLDER_PATH)/ios-exam";
			};
			name = Release;
		};
		2385F62B2C499DAC00F8F76D /* Debug */ = {
			isa = XCBuildConfiguration;
			baseConfigurationReference = 552E4066A700F368676CDA6C /* Pods-ios-exam-ios-examUITests.debug.xcconfig */;
			buildSettings = {
				ALWAYS_EMBED_SWIFT_STANDARD_LIBRARIES = YES;
				CODE_SIGN_STYLE = Automatic;
				CURRENT_PROJECT_VERSION = 1;
				GENERATE_INFOPLIST_FILE = YES;
				MARKETING_VERSION = 1.0;
				PRODUCT_BUNDLE_IDENTIFIER = "phrtp.ios-examUITests";
				PRODUCT_NAME = "$(TARGET_NAME)";
				SWIFT_EMIT_LOC_STRINGS = NO;
				SWIFT_VERSION = 5.0;
				TARGETED_DEVICE_FAMILY = "1,2";
				TEST_TARGET_NAME = "ios-exam";
			};
			name = Debug;
		};
		2385F62C2C499DAC00F8F76D /* Release */ = {
			isa = XCBuildConfiguration;
			baseConfigurationReference = EE336AAC92BF9474806DE9E7 /* Pods-ios-exam-ios-examUITests.release.xcconfig */;
			buildSettings = {
				ALWAYS_EMBED_SWIFT_STANDARD_LIBRARIES = YES;
				CODE_SIGN_STYLE = Automatic;
				CURRENT_PROJECT_VERSION = 1;
				GENERATE_INFOPLIST_FILE = YES;
				MARKETING_VERSION = 1.0;
				PRODUCT_BUNDLE_IDENTIFIER = "phrtp.ios-examUITests";
				PRODUCT_NAME = "$(TARGET_NAME)";
				SWIFT_EMIT_LOC_STRINGS = NO;
				SWIFT_VERSION = 5.0;
				TARGETED_DEVICE_FAMILY = "1,2";
				TEST_TARGET_NAME = "ios-exam";
			};
			name = Release;
		};
/* End XCBuildConfiguration section */

/* Begin XCConfigurationList section */
		2385F5F52C499DAA00F8F76D /* Build configuration list for PBXProject "ios-exam" */ = {
			isa = XCConfigurationList;
			buildConfigurations = (
				2385F6222C499DAC00F8F76D /* Debug */,
				2385F6232C499DAC00F8F76D /* Release */,
			);
			defaultConfigurationIsVisible = 0;
			defaultConfigurationName = Release;
		};
		2385F6242C499DAC00F8F76D /* Build configuration list for PBXNativeTarget "ios-exam" */ = {
			isa = XCConfigurationList;
			buildConfigurations = (
				2385F6252C499DAC00F8F76D /* Debug */,
				2385F6262C499DAC00F8F76D /* Release */,
			);
			defaultConfigurationIsVisible = 0;
			defaultConfigurationName = Release;
		};
		2385F6272C499DAC00F8F76D /* Build configuration list for PBXNativeTarget "ios-examTests" */ = {
			isa = XCConfigurationList;
			buildConfigurations = (
				2385F6282C499DAC00F8F76D /* Debug */,
				2385F6292C499DAC00F8F76D /* Release */,
			);
			defaultConfigurationIsVisible = 0;
			defaultConfigurationName = Release;
		};
		2385F62A2C499DAC00F8F76D /* Build configuration list for PBXNativeTarget "ios-examUITests" */ = {
			isa = XCConfigurationList;
			buildConfigurations = (
				2385F62B2C499DAC00F8F76D /* Debug */,
				2385F62C2C499DAC00F8F76D /* Release */,
			);
			defaultConfigurationIsVisible = 0;
			defaultConfigurationName = Release;
		};
/* End XCConfigurationList section */
	};
	rootObject = 2385F5F22C499DAA00F8F76D /* Project object */;
}
